
Microsoft Visual Studio Solution File, Format Version 12.00
# Visual Studio Version 17
VisualStudioVersion = 17.5.33530.505
MinimumVisualStudioVersion = 10.0.40219.1
Project("{8BC9CEB8-8B4A-11D0-8D11-00A0C91BC942}") = "TASK_C", "TASK_C\TASK_C.vcxproj", "{7386BDB7-7F82-4AB3-8EC8-0ED815D4FA5D}"
EndProject
Global
	GlobalSection(SolutionConfigurationPlatforms) = preSolution
		Debug|x64 = Debug|x64
		Debug|x86 = Debug|x86
		Release|x64 = Release|x64
		Release|x86 = Release|x86
	EndGlobalSection
	GlobalSection(ProjectConfigurationPlatforms) = postSolution
		{7386BDB7-7F82-4AB3-8EC8-0ED815D4FA5D}.Debug|x64.ActiveCfg = Debug|x64
		{7386BDB7-7F82-4AB3-8EC8-0ED815D4FA5D}.Debug|x64.Build.0 = Debug|x64
		{7386BDB7-7F82-4AB3-8EC8-0ED815D4FA5D}.Debug|x86.ActiveCfg = Debug|Win32
		{7386BDB7-7F82-4AB3-8EC8-0ED815D4FA5D}.Debug|x86.Build.0 = Debug|Win32
		{7386BDB7-7F82-4AB3-8EC8-0ED815D4FA5D}.Release|x64.ActiveCfg = Release|x64
		{7386BDB7-7F82-4AB3-8EC8-0ED815D4FA5D}.Release|x64.Build.0 = Release|x64
		{7386BDB7-7F82-4AB3-8EC8-0ED815D4FA5D}.Release|x86.ActiveCfg = Release|Win32
		{7386BDB7-7F82-4AB3-8EC8-0ED815D4FA5D}.Release|x86.Build.0 = Release|Win32
	EndGlobalSection
	GlobalSection(SolutionProperties) = preSolution
		HideSolutionNode = FALSE
	EndGlobalSection
	GlobalSection(ExtensibilityGlobals) = postSolution
		SolutionGuid = {0D968469-FD7A-4201-95AD-E3591C2710D7}
	EndGlobalSection
EndGlobal
